
Microsoft Visual Studio Solution File, Format Version 12.00
# Visual Studio Version 17
VisualStudioVersion = 17.4.33205.214
MinimumVisualStudioVersion = 10.0.40219.1
Project("{FAE04EC0-301F-11D3-BF4B-00C04F79EFBC}") = "Raising_Domain_Event_Example", "Raising_Domain_Event_Example\Raising_Domain_Event_Example.csproj", "{488A3A21-C65D-4707-A4AA-99D219F986A8}"
EndProject
Global
	GlobalSection(SolutionConfigurationPlatforms) = preSolution
		Debug|Any CPU = Debug|Any CPU
		Release|Any CPU = Release|Any CPU
	EndGlobalSection
	GlobalSection(ProjectConfigurationPlatforms) = postSolution
		{488A3A21-C65D-4707-A4AA-99D219F986A8}.Debug|Any CPU.ActiveCfg = Debug|Any CPU
		{488A3A21-C65D-4707-A4AA-99D219F986A8}.Debug|Any CPU.Build.0 = Debug|Any CPU
		{488A3A21-C65D-4707-A4AA-99D219F986A8}.Release|Any CPU.ActiveCfg = Release|Any CPU
		{488A3A21-C65D-4707-A4AA-99D219F986A8}.Release|Any CPU.Build.0 = Release|Any CPU
	EndGlobalSection
	GlobalSection(SolutionProperties) = preSolution
		HideSolutionNode = FALSE
	EndGlobalSection
	GlobalSection(ExtensibilityGlobals) = postSolution
		SolutionGuid = {A0607751-D274-4978-B789-FD2E6E38CDFC}
	EndGlobalSection
EndGlobal
